
Microsoft Visual Studio Solution File, Format Version 12.00
# Visual Studio Version 16
VisualStudioVersion = 16.0.33927.289
MinimumVisualStudioVersion = 10.0.40219.1
Project("{FAE04EC0-301F-11D3-BF4B-00C04F79EFBC}") = "Tyuiu.AleevRI.Sprint3.Task0.V8", "Tyuiu.AleevRI.Sprint3.Task0.V8\Tyuiu.AleevRI.Sprint3.Task0.V8.csproj", "{2F7E2F4A-AA42-4D72-B84E-9E4E276E0FCA}"
EndProject
Project("{FAE04EC0-301F-11D3-BF4B-00C04F79EFBC}") = "Tyuiu.AleevRI.Sprint3.Task0.V8.Lib", "Tyuiu.AleevRI.Sprint3.Task0.V8.Lib\Tyuiu.AleevRI.Sprint3.Task0.V8.Lib.csproj", "{D9D03AF7-F467-474B-A783-FB370FAE7309}"
EndProject
Project("{FAE04EC0-301F-11D3-BF4B-00C04F79EFBC}") = "Tyuiu.AleevRI.Sprint3.Task0.V8.Test", "Tyuiu.AleevRI.Sprint3.Task0.V8.Test\Tyuiu.AleevRI.Sprint3.Task0.V8.Test.csproj", "{0778BB74-DEB7-4245-9A9F-3E6FA40EDA17}"
EndProject
Project("{2150E333-8FDC-42A3-9474-1A3956D46DE8}") = "Task0", "Task0", "{50213046-6BD9-4864-933D-6AA14ED82752}"
EndProject
Project("{2150E333-8FDC-42A3-9474-1A3956D46DE8}") = "Task1", "Task1", "{B01478AF-B76B-48A8-A39A-8465FF71C373}"
EndProject
Project("{FAE04EC0-301F-11D3-BF4B-00C04F79EFBC}") = "Tyuiu.AleevRI.Sprint3.Task1.V15", "Tyuiu.AleevRI.Sprint3.Task1.V15\Tyuiu.AleevRI.Sprint3.Task1.V15.csproj", "{12735B88-CD04-4086-98DD-D3BEB6FA8362}"
EndProject
Project("{FAE04EC0-301F-11D3-BF4B-00C04F79EFBC}") = "Tyuiu.AleevRI.Sprint3.Task1.V15.Lib", "Tyuiu.AleevRI.Sprint3.Task1.V15.Lib\Tyuiu.AleevRI.Sprint3.Task1.V15.Lib.csproj", "{08DA9661-F0B2-4B4C-ADED-D992EB3A96EA}"
EndProject
Project("{FAE04EC0-301F-11D3-BF4B-00C04F79EFBC}") = "Tyuiu.AleevRI.Sprint3.Task1.V15.Test", "Tyuiu.AleevRI.Sprint3.Task1.V15.Test\Tyuiu.AleevRI.Sprint3.Task1.V15.Test.csproj", "{90807944-26AF-4273-BE66-EF1F1345DF9C}"
EndProject
Project("{2150E333-8FDC-42A3-9474-1A3956D46DE8}") = "Task2", "Task2", "{4984CBBF-EF82-4CC4-9FEA-C4F4B84B6BB3}"
EndProject
Project("{FAE04EC0-301F-11D3-BF4B-00C04F79EFBC}") = "Tyuiu.AleevRI.Sprint3.Task2.V3", "Tyuiu.AleevRI.Sprint3.Task2.V3\Tyuiu.AleevRI.Sprint3.Task2.V3.csproj", "{9BDB84D4-9A59-4816-80C3-A34D47C447C9}"
EndProject
Project("{FAE04EC0-301F-11D3-BF4B-00C04F79EFBC}") = "Tyuiu.AleevRI.Sprint3.Task2.V3.Lib", "Tyuiu.AleevRI.Sprint3.Task2.V3.Lib\Tyuiu.AleevRI.Sprint3.Task2.V3.Lib.csproj", "{39F134EF-D985-4CCF-9C67-A641601C492D}"
EndProject
Project("{FAE04EC0-301F-11D3-BF4B-00C04F79EFBC}") = "Tyuiu.AleevRI.Sprint3.Task2.V3.Test", "Tyuiu.AleevRI.Sprint3.Task2.V3.Test\Tyuiu.AleevRI.Sprint3.Task2.V3.Test.csproj", "{E7685271-149B-4559-A9BD-EAE720E3FE05}"
EndProject
Project("{2150E333-8FDC-42A3-9474-1A3956D46DE8}") = "Task3", "Task3", "{69212604-B244-48FA-B159-8156E5F56906}"
EndProject
Project("{FAE04EC0-301F-11D3-BF4B-00C04F79EFBC}") = "Tyuiu.AleevRI.Sprint3.Task3.V8", "Tyuiu.AleevRI.Sprint3.Task3.V8\Tyuiu.AleevRI.Sprint3.Task3.V8.csproj", "{ACE5BFFD-3D4E-487D-B7BD-E8491F7369F3}"
EndProject
Project("{FAE04EC0-301F-11D3-BF4B-00C04F79EFBC}") = "Tyuiu.AleevRI.Sprint3.Task3.V8.Lib", "Tyuiu.AleevRI.Sprint3.Task3.V8.Lib\Tyuiu.AleevRI.Sprint3.Task3.V8.Lib.csproj", "{17CC0EA2-0B3C-4D55-98B7-6F8AC1FDD70F}"
EndProject
Project("{FAE04EC0-301F-11D3-BF4B-00C04F79EFBC}") = "Tyuiu.AleevRI.Sprint3.Task3.V8.Test", "Tyuiu.AleevRI.Sprint3.Task3.V8.Test\Tyuiu.AleevRI.Sprint3.Task3.V8.Test.csproj", "{25816696-6540-4375-BFAD-D0FA193B0DAE}"
EndProject
Project("{2150E333-8FDC-42A3-9474-1A3956D46DE8}") = "Task4", "Task4", "{B3F0B2B1-359E-4B7F-9514-9834A10D04B5}"
EndProject
Project("{FAE04EC0-301F-11D3-BF4B-00C04F79EFBC}") = "Tyuiu.AleevRI.Sprint3.Task4.V14", "Tyuiu.AleevRI.Sprint3.Task4.V14\Tyuiu.AleevRI.Sprint3.Task4.V14.csproj", "{4DEBD09F-A47C-4CB5-945A-BB4BD9285827}"
EndProject
Project("{FAE04EC0-301F-11D3-BF4B-00C04F79EFBC}") = "Tyuiu.AleevRI.Sprint3.Task4.V14.Lib", "Tyuiu.AleevRI.Sprint3.Task4.V14.Lib\Tyuiu.AleevRI.Sprint3.Task4.V14.Lib.csproj", "{0F1C6664-2E03-4782-89B1-BF8E480A3567}"
EndProject
Project("{FAE04EC0-301F-11D3-BF4B-00C04F79EFBC}") = "Tyuiu.AleevRI.Sprint3.Task4.V14.Test", "Tyuiu.AleevRI.Sprint3.Task4.V14.Test\Tyuiu.AleevRI.Sprint3.Task4.V14.Test.csproj", "{5E1FBFB7-DC6A-4FCE-8015-B762E922C5BC}"
EndProject
Project("{2150E333-8FDC-42A3-9474-1A3956D46DE8}") = "Task5", "Task5", "{7CED2AA5-FCAF-4245-8328-54C340681250}"
EndProject
Project("{FAE04EC0-301F-11D3-BF4B-00C04F79EFBC}") = "Tyuiu.AleevRI.Sprint3.Task5.V14", "Tyuiu.AleevRI.Sprint3.Task5.V14\Tyuiu.AleevRI.Sprint3.Task5.V14.csproj", "{0921571C-E791-4618-B5A1-908A7C5D27B8}"
EndProject
Project("{FAE04EC0-301F-11D3-BF4B-00C04F79EFBC}") = "Tyuiu.AleevRI.Sprint3.Task5.V14.Lib", "Tyuiu.AleevRI.Sprint3.Task5.V14.Lib\Tyuiu.AleevRI.Sprint3.Task5.V14.Lib.csproj", "{12730676-B21B-4A94-93E6-518C86CED4B3}"
EndProject
Project("{FAE04EC0-301F-11D3-BF4B-00C04F79EFBC}") = "Tyuiu.AleevRI.Sprint3.Task5.V14.Test", "Tyuiu.AleevRI.Sprint3.Task5.V14.Test\Tyuiu.AleevRI.Sprint3.Task5.V14.Test.csproj", "{FA5EAEBA-E771-44E9-BF82-9F09FAD67534}"
EndProject
Project("{2150E333-8FDC-42A3-9474-1A3956D46DE8}") = "Task6", "Task6", "{A498EF1A-651F-4269-8F42-9C3BF8EC5561}"
EndProject
Project("{FAE04EC0-301F-11D3-BF4B-00C04F79EFBC}") = "Tyuiu.AleevRI.Sprint3.Task6.V14", "Tyuiu.AleevRI.Sprint3.Task6.V14\Tyuiu.AleevRI.Sprint3.Task6.V14.csproj", "{46FAA502-4354-4050-AE7F-EA8D72EA2B9A}"
EndProject
Project("{FAE04EC0-301F-11D3-BF4B-00C04F79EFBC}") = "Tyuiu.AleevRI.Sprint3.Task6.V14.Lib", "Tyuiu.AleevRI.Sprint3.Task6.V14.Lib\Tyuiu.AleevRI.Sprint3.Task6.V14.Lib.csproj", "{B7C93985-D55B-4C61-99B5-0979187F87C0}"
EndProject
Project("{FAE04EC0-301F-11D3-BF4B-00C04F79EFBC}") = "Tyuiu.AleevRI.Sprint3.Task6.V14.Test", "Tyuiu.AleevRI.Sprint3.Task6.V14.Test\Tyuiu.AleevRI.Sprint3.Task6.V14.Test.csproj", "{C1511EC0-40E3-414F-8D48-5C48CA0ED4A8}"
EndProject
Global
	GlobalSection(SolutionConfigurationPlatforms) = preSolution
		Debug|Any CPU = Debug|Any CPU
		Release|Any CPU = Release|Any CPU
	EndGlobalSection
	GlobalSection(ProjectConfigurationPlatforms) = postSolution
		{2F7E2F4A-AA42-4D72-B84E-9E4E276E0FCA}.Debug|Any CPU.ActiveCfg = Debug|Any CPU
		{2F7E2F4A-AA42-4D72-B84E-9E4E276E0FCA}.Debug|Any CPU.Build.0 = Debug|Any CPU
		{2F7E2F4A-AA42-4D72-B84E-9E4E276E0FCA}.Release|Any CPU.ActiveCfg = Release|Any CPU
		{2F7E2F4A-AA42-4D72-B84E-9E4E276E0FCA}.Release|Any CPU.Build.0 = Release|Any CPU
		{D9D03AF7-F467-474B-A783-FB370FAE7309}.Debug|Any CPU.ActiveCfg = Debug|Any CPU
		{D9D03AF7-F467-474B-A783-FB370FAE7309}.Debug|Any CPU.Build.0 = Debug|Any CPU
		{D9D03AF7-F467-474B-A783-FB370FAE7309}.Release|Any CPU.ActiveCfg = Release|Any CPU
		{D9D03AF7-F467-474B-A783-FB370FAE7309}.Release|Any CPU.Build.0 = Release|Any CPU
		{0778BB74-DEB7-4245-9A9F-3E6FA40EDA17}.Debug|Any CPU.ActiveCfg = Debug|Any CPU
		{0778BB74-DEB7-4245-9A9F-3E6FA40EDA17}.Debug|Any CPU.Build.0 = Debug|Any CPU
		{0778BB74-DEB7-4245-9A9F-3E6FA40EDA17}.Release|Any CPU.ActiveCfg = Release|Any CPU
		{0778BB74-DEB7-4245-9A9F-3E6FA40EDA17}.Release|Any CPU.Build.0 = Release|Any CPU
		{12735B88-CD04-4086-98DD-D3BEB6FA8362}.Debug|Any CPU.ActiveCfg = Debug|Any CPU
		{12735B88-CD04-4086-98DD-D3BEB6FA8362}.Debug|Any CPU.Build.0 = Debug|Any CPU
		{12735B88-CD04-4086-98DD-D3BEB6FA8362}.Release|Any CPU.ActiveCfg = Release|Any CPU
		{12735B88-CD04-4086-98DD-D3BEB6FA8362}.Release|Any CPU.Build.0 = Release|Any CPU
		{08DA9661-F0B2-4B4C-ADED-D992EB3A96EA}.Debug|Any CPU.ActiveCfg = Debug|Any CPU
		{08DA9661-F0B2-4B4C-ADED-D992EB3A96EA}.Debug|Any CPU.Build.0 = Debug|Any CPU
		{08DA9661-F0B2-4B4C-ADED-D992EB3A96EA}.Release|Any CPU.ActiveCfg = Release|Any CPU
		{08DA9661-F0B2-4B4C-ADED-D992EB3A96EA}.Release|Any CPU.Build.0 = Release|Any CPU
		{90807944-26AF-4273-BE66-EF1F1345DF9C}.Debug|Any CPU.ActiveCfg = Debug|Any CPU
		{90807944-26AF-4273-BE66-EF1F1345DF9C}.Debug|Any CPU.Build.0 = Debug|Any CPU
		{90807944-26AF-4273-BE66-EF1F1345DF9C}.Release|Any CPU.ActiveCfg = Release|Any CPU
		{90807944-26AF-4273-BE66-EF1F1345DF9C}.Release|Any CPU.Build.0 = Release|Any CPU
		{9BDB84D4-9A59-4816-80C3-A34D47C447C9}.Debug|Any CPU.ActiveCfg = Debug|Any CPU
		{9BDB84D4-9A59-4816-80C3-A34D47C447C9}.Debug|Any CPU.Build.0 = Debug|Any CPU
		{9BDB84D4-9A59-4816-80C3-A34D47C447C9}.Release|Any CPU.ActiveCfg = Release|Any CPU
		{9BDB84D4-9A59-4816-80C3-A34D47C447C9}.Release|Any CPU.Build.0 = Release|Any CPU
		{39F134EF-D985-4CCF-9C67-A641601C492D}.Debug|Any CPU.ActiveCfg = Debug|Any CPU
		{39F134EF-D985-4CCF-9C67-A641601C492D}.Debug|Any CPU.Build.0 = Debug|Any CPU
		{39F134EF-D985-4CCF-9C67-A641601C492D}.Release|Any CPU.ActiveCfg = Release|Any CPU
		{39F134EF-D985-4CCF-9C67-A641601C492D}.Release|Any CPU.Build.0 = Release|Any CPU
		{E7685271-149B-4559-A9BD-EAE720E3FE05}.Debug|Any CPU.ActiveCfg = Debug|Any CPU
		{E7685271-149B-4559-A9BD-EAE720E3FE05}.Debug|Any CPU.Build.0 = Debug|Any CPU
		{E7685271-149B-4559-A9BD-EAE720E3FE05}.Release|Any CPU.ActiveCfg = Release|Any CPU
		{E7685271-149B-4559-A9BD-EAE720E3FE05}.Release|Any CPU.Build.0 = Release|Any CPU
		{ACE5BFFD-3D4E-487D-B7BD-E8491F7369F3}.Debug|Any CPU.ActiveCfg = Debug|Any CPU
		{ACE5BFFD-3D4E-487D-B7BD-E8491F7369F3}.Debug|Any CPU.Build.0 = Debug|Any CPU
		{ACE5BFFD-3D4E-487D-B7BD-E8491F7369F3}.Release|Any CPU.ActiveCfg = Release|Any CPU
		{ACE5BFFD-3D4E-487D-B7BD-E8491F7369F3}.Release|Any CPU.Build.0 = Release|Any CPU
		{17CC0EA2-0B3C-4D55-98B7-6F8AC1FDD70F}.Debug|Any CPU.ActiveCfg = Debug|Any CPU
		{17CC0EA2-0B3C-4D55-98B7-6F8AC1FDD70F}.Debug|Any CPU.Build.0 = Debug|Any CPU
		{17CC0EA2-0B3C-4D55-98B7-6F8AC1FDD70F}.Release|Any CPU.ActiveCfg = Release|Any CPU
		{17CC0EA2-0B3C-4D55-98B7-6F8AC1FDD70F}.Release|Any CPU.Build.0 = Release|Any CPU
		{25816696-6540-4375-BFAD-D0FA193B0DAE}.Debug|Any CPU.ActiveCfg = Debug|Any CPU
		{25816696-6540-4375-BFAD-D0FA193B0DAE}.Debug|Any CPU.Build.0 = Debug|Any CPU
		{25816696-6540-4375-BFAD-D0FA193B0DAE}.Release|Any CPU.ActiveCfg = Release|Any CPU
		{25816696-6540-4375-BFAD-D0FA193B0DAE}.Release|Any CPU.Build.0 = Release|Any CPU
		{4DEBD09F-A47C-4CB5-945A-BB4BD9285827}.Debug|Any CPU.ActiveCfg = Debug|Any CPU
		{4DEBD09F-A47C-4CB5-945A-BB4BD9285827}.Debug|Any CPU.Build.0 = Debug|Any CPU
		{4DEBD09F-A47C-4CB5-945A-BB4BD9285827}.Release|Any CPU.ActiveCfg = Release|Any CPU
		{4DEBD09F-A47C-4CB5-945A-BB4BD9285827}.Release|Any CPU.Build.0 = Release|Any CPU
		{0F1C6664-2E03-4782-89B1-BF8E480A3567}.Debug|Any CPU.ActiveCfg = Debug|Any CPU
		{0F1C6664-2E03-4782-89B1-BF8E480A3567}.Debug|Any CPU.Build.0 = Debug|Any CPU
		{0F1C6664-2E03-4782-89B1-BF8E480A3567}.Release|Any CPU.ActiveCfg = Release|Any CPU
		{0F1C6664-2E03-4782-89B1-BF8E480A3567}.Release|Any CPU.Build.0 = Release|Any CPU
		{5E1FBFB7-DC6A-4FCE-8015-B762E922C5BC}.Debug|Any CPU.ActiveCfg = Debug|Any CPU
		{5E1FBFB7-DC6A-4FCE-8015-B762E922C5BC}.Debug|Any CPU.Build.0 = Debug|Any CPU
		{5E1FBFB7-DC6A-4FCE-8015-B762E922C5BC}.Release|Any CPU.ActiveCfg = Release|Any CPU
		{5E1FBFB7-DC6A-4FCE-8015-B762E922C5BC}.Release|Any CPU.Build.0 = Release|Any CPU
		{0921571C-E791-4618-B5A1-908A7C5D27B8}.Debug|Any CPU.ActiveCfg = Debug|Any CPU
		{0921571C-E791-4618-B5A1-908A7C5D27B8}.Debug|Any CPU.Build.0 = Debug|Any CPU
		{0921571C-E791-4618-B5A1-908A7C5D27B8}.Release|Any CPU.ActiveCfg = Release|Any CPU
		{0921571C-E791-4618-B5A1-908A7C5D27B8}.Release|Any CPU.Build.0 = Release|Any CPU
		{12730676-B21B-4A94-93E6-518C86CED4B3}.Debug|Any CPU.ActiveCfg = Debug|Any CPU
		{12730676-B21B-4A94-93E6-518C86CED4B3}.Debug|Any CPU.Build.0 = Debug|Any CPU
		{12730676-B21B-4A94-93E6-518C86CED4B3}.Release|Any CPU.ActiveCfg = Release|Any CPU
		{12730676-B21B-4A94-93E6-518C86CED4B3}.Release|Any CPU.Build.0 = Release|Any CPU
		{FA5EAEBA-E771-44E9-BF82-9F09FAD67534}.Debug|Any CPU.ActiveCfg = Debug|Any CPU
		{FA5EAEBA-E771-44E9-BF82-9F09FAD67534}.Debug|Any CPU.Build.0 = Debug|Any CPU
		{FA5EAEBA-E771-44E9-BF82-9F09FAD67534}.Release|Any CPU.ActiveCfg = Release|Any CPU
		{FA5EAEBA-E771-44E9-BF82-9F09FAD67534}.Release|Any CPU.Build.0 = Release|Any CPU
		{46FAA502-4354-4050-AE7F-EA8D72EA2B9A}.Debug|Any CPU.ActiveCfg = Debug|Any CPU
		{46FAA502-4354-4050-AE7F-EA8D72EA2B9A}.Debug|Any CPU.Build.0 = Debug|Any CPU
		{46FAA502-4354-4050-AE7F-EA8D72EA2B9A}.Release|Any CPU.ActiveCfg = Release|Any CPU
		{46FAA502-4354-4050-AE7F-EA8D72EA2B9A}.Release|Any CPU.Build.0 = Release|Any CPU
		{B7C93985-D55B-4C61-99B5-0979187F87C0}.Debug|Any CPU.ActiveCfg = Debug|Any CPU
		{B7C93985-D55B-4C61-99B5-0979187F87C0}.Debug|Any CPU.Build.0 = Debug|Any CPU
		{B7C93985-D55B-4C61-99B5-0979187F87C0}.Release|Any CPU.ActiveCfg = Release|Any CPU
		{B7C93985-D55B-4C61-99B5-0979187F87C0}.Release|Any CPU.Build.0 = Release|Any CPU
		{C1511EC0-40E3-414F-8D48-5C48CA0ED4A8}.Debug|Any CPU.ActiveCfg = Debug|Any CPU
		{C1511EC0-40E3-414F-8D48-5C48CA0ED4A8}.Debug|Any CPU.Build.0 = Debug|Any CPU
		{C1511EC0-40E3-414F-8D48-5C48CA0ED4A8}.Release|Any CPU.ActiveCfg = Release|Any CPU
		{C1511EC0-40E3-414F-8D48-5C48CA0ED4A8}.Release|Any CPU.Build.0 = Release|Any CPU
	EndGlobalSection
	GlobalSection(SolutionProperties) = preSolution
		HideSolutionNode = FALSE
	EndGlobalSection
	GlobalSection(NestedProjects) = preSolution
		{2F7E2F4A-AA42-4D72-B84E-9E4E276E0FCA} = {50213046-6BD9-4864-933D-6AA14ED82752}
		{D9D03AF7-F467-474B-A783-FB370FAE7309} = {50213046-6BD9-4864-933D-6AA14ED82752}
		{0778BB74-DEB7-4245-9A9F-3E6FA40EDA17} = {50213046-6BD9-4864-933D-6AA14ED82752}
		{12735B88-CD04-4086-98DD-D3BEB6FA8362} = {B01478AF-B76B-48A8-A39A-8465FF71C373}
		{08DA9661-F0B2-4B4C-ADED-D992EB3A96EA} = {B01478AF-B76B-48A8-A39A-8465FF71C373}
		{90807944-26AF-4273-BE66-EF1F1345DF9C} = {B01478AF-B76B-48A8-A39A-8465FF71C373}
		{9BDB84D4-9A59-4816-80C3-A34D47C447C9} = {4984CBBF-EF82-4CC4-9FEA-C4F4B84B6BB3}
		{39F134EF-D985-4CCF-9C67-A641601C492D} = {4984CBBF-EF82-4CC4-9FEA-C4F4B84B6BB3}
		{E7685271-149B-4559-A9BD-EAE720E3FE05} = {4984CBBF-EF82-4CC4-9FEA-C4F4B84B6BB3}
		{ACE5BFFD-3D4E-487D-B7BD-E8491F7369F3} = {69212604-B244-48FA-B159-8156E5F56906}
		{17CC0EA2-0B3C-4D55-98B7-6F8AC1FDD70F} = {69212604-B244-48FA-B159-8156E5F56906}
		{25816696-6540-4375-BFAD-D0FA193B0DAE} = {69212604-B244-48FA-B159-8156E5F56906}
		{4DEBD09F-A47C-4CB5-945A-BB4BD9285827} = {B3F0B2B1-359E-4B7F-9514-9834A10D04B5}
		{0F1C6664-2E03-4782-89B1-BF8E480A3567} = {B3F0B2B1-359E-4B7F-9514-9834A10D04B5}
		{5E1FBFB7-DC6A-4FCE-8015-B762E922C5BC} = {B3F0B2B1-359E-4B7F-9514-9834A10D04B5}
		{0921571C-E791-4618-B5A1-908A7C5D27B8} = {7CED2AA5-FCAF-4245-8328-54C340681250}
		{12730676-B21B-4A94-93E6-518C86CED4B3} = {7CED2AA5-FCAF-4245-8328-54C340681250}
		{FA5EAEBA-E771-44E9-BF82-9F09FAD67534} = {7CED2AA5-FCAF-4245-8328-54C340681250}
		{46FAA502-4354-4050-AE7F-EA8D72EA2B9A} = {A498EF1A-651F-4269-8F42-9C3BF8EC5561}
		{B7C93985-D55B-4C61-99B5-0979187F87C0} = {A498EF1A-651F-4269-8F42-9C3BF8EC5561}
		{C1511EC0-40E3-414F-8D48-5C48CA0ED4A8} = {A498EF1A-651F-4269-8F42-9C3BF8EC5561}
	EndGlobalSection
	GlobalSection(ExtensibilityGlobals) = postSolution
		SolutionGuid = {55169466-1BAB-44A8-8A96-93FBDE0738AF}
	EndGlobalSection
EndGlobal
